{
  "originHash" : "a9561c1ae6aedb4859c4023662f40c2504220ff2149530a980a28834c4b16fcc",
  "pins" : [
    {
      "identity" : "auerbachlook",
      "kind" : "remoteSourceControl",
      "location" : "https://github.com/joshuaauerbachwatson/AuerbachLook.git",
      "state" : {
        "branch" : "main",
        "revision" : "1d9a87ad105043ac9b7ca3ecdafd2189798a0e3c"
      }
    }
  ],
  "version" : 3
}
