{
  "originHash" : "a9561c1ae6aedb4859c4023662f40c2504220ff2149530a980a28834c4b16fcc",
  "pins" : [
    {
      "identity" : "auerbachlook",
      "kind" : "remoteSourceControl",
      "location" : "https://github.com/joshuaauerbachwatson/AuerbachLook.git",
      "state" : {
        "branch" : "main",
        "revision" : "36b5b2979d3f900dbbb1bef5ba1945d8a2e23b32"
      }
    }
  ],
  "version" : 3
}
