{
  "originHash" : "71b8e7e876516589aecd5600ed6b7ce614b0eaef709c7c88f3d65956e80cfb41",
  "pins" : [
    {
      "identity" : "auerbachlook",
      "kind" : "remoteSourceControl",
      "location" : "https://github.com/joshuaauerbachwatson/AuerbachLook.git",
      "state" : {
        "branch" : "main",
        "revision" : "1d9a87ad105043ac9b7ca3ecdafd2189798a0e3c"
      }
    },
    {
      "identity" : "auth0.swift",
      "kind" : "remoteSourceControl",
      "location" : "https://github.com/auth0/Auth0.swift",
      "state" : {
        "revision" : "9fee002fcd5fa572c0452eaeb9fb7a75be5fa4de",
        "version" : "2.10.0"
      }
    },
    {
      "identity" : "jwtdecode.swift",
      "kind" : "remoteSourceControl",
      "location" : "https://github.com/auth0/JWTDecode.swift.git",
      "state" : {
        "revision" : "1e153ef009969543191970c66b7c60163c0b4a65",
        "version" : "3.2.0"
      }
    },
    {
      "identity" : "simplekeychain",
      "kind" : "remoteSourceControl",
      "location" : "https://github.com/auth0/SimpleKeychain.git",
      "state" : {
        "revision" : "b694f155907b189bc82e93586695a26f558c742f",
        "version" : "1.2.0"
      }
    },
    {
      "identity" : "unigame",
      "kind" : "remoteSourceControl",
      "location" : "https://github.com/joshuaauerbachwatson/unigame.git",
      "state" : {
        "branch" : "main",
        "revision" : "62166255433b072e89bf5b2f5cf313cd55ad5810"
      }
    }
  ],
  "version" : 3
}
