// !$*UTF8*$!
{
	archiveVersion = 1;
	classes = {
	};
	objectVersion = 77;
	objects = {

/* Begin PBXBuildFile section */
		28310BB82D04DD21000883A4 /* unigame in Frameworks */ = {isa = PBXBuildFile; productRef = 28310BB72D04DD21000883A4 /* unigame */; };
/* End PBXBuildFile section */

/* Begin PBXContainerItemProxy section */
		287EA4EC2D036FF4002CB055 /* PBXContainerItemProxy */ = {
			isa = PBXContainerItemProxy;
			containerPortal = 287EA4D32D036FF1002CB055 /* Project object */;
			proxyType = 1;
			remoteGlobalIDString = 287EA4DA2D036FF1002CB055;
			remoteInfo = UnigameTest;
		};
		287EA4F62D036FF4002CB055 /* PBXContainerItemProxy */ = {
			isa = PBXContainerItemProxy;
			containerPortal = 287EA4D32D036FF1002CB055 /* Project object */;
			proxyType = 1;
			remoteGlobalIDString = 287EA4DA2D036FF1002CB055;
			remoteInfo = UnigameTest;
		};
/* End PBXContainerItemProxy section */

/* Begin PBXFileReference section */
		287EA4DB2D036FF1002CB055 /* UnigameTest.app */ = {isa = PBXFileReference; explicitFileType = wrapper.application; includeInIndex = 0; path = UnigameTest.app; sourceTree = BUILT_PRODUCTS_DIR; };
		287EA4EB2D036FF4002CB055 /* UnigameTestTests.xctest */ = {isa = PBXFileReference; explicitFileType = wrapper.cfbundle; includeInIndex = 0; path = UnigameTestTests.xctest; sourceTree = BUILT_PRODUCTS_DIR; };
		287EA4F52D036FF4002CB055 /* UnigameTestUITests.xctest */ = {isa = PBXFileReference; explicitFileType = wrapper.cfbundle; includeInIndex = 0; path = UnigameTestUITests.xctest; sourceTree = BUILT_PRODUCTS_DIR; };
/* End PBXFileReference section */

/* Begin PBXFileSystemSynchronizedRootGroup section */
		287EA4DD2D036FF1002CB055 /* UnigameTest */ = {
			isa = PBXFileSystemSynchronizedRootGroup;
			path = UnigameTest;
			sourceTree = "<group>";
		};
		287EA4EE2D036FF4002CB055 /* UnigameTestTests */ = {
			isa = PBXFileSystemSynchronizedRootGroup;
			path = UnigameTestTests;
			sourceTree = "<group>";
		};
		287EA4F82D036FF4002CB055 /* UnigameTestUITests */ = {
			isa = PBXFileSystemSynchronizedRootGroup;
			path = UnigameTestUITests;
			sourceTree = "<group>";
		};
/* End PBXFileSystemSynchronizedRootGroup section */

/* Begin PBXFrameworksBuildPhase section */
		287EA4D82D036FF1002CB055 /* Frameworks */ = {
			isa = PBXFrameworksBuildPhase;
			buildActionMask = 2147483647;
			files = (
				28310BB82D04DD21000883A4 /* unigame in Frameworks */,
			);
			runOnlyForDeploymentPostprocessing = 0;
		};
		287EA4E82D036FF4002CB055 /* Frameworks */ = {
			isa = PBXFrameworksBuildPhase;
			buildActionMask = 2147483647;
			files = (
			);
			runOnlyForDeploymentPostprocessing = 0;
		};
		287EA4F22D036FF4002CB055 /* Frameworks */ = {
			isa = PBXFrameworksBuildPhase;
			buildActionMask = 2147483647;
			files = (
			);
			runOnlyForDeploymentPostprocessing = 0;
		};
/* End PBXFrameworksBuildPhase section */

/* Begin PBXGroup section */
		287EA4D22D036FF1002CB055 = {
			isa = PBXGroup;
			children = (
				287EA4DD2D036FF1002CB055 /* UnigameTest */,
				287EA4EE2D036FF4002CB055 /* UnigameTestTests */,
				287EA4F82D036FF4002CB055 /* UnigameTestUITests */,
				287EA4DC2D036FF1002CB055 /* Products */,
			);
			sourceTree = "<group>";
		};
		287EA4DC2D036FF1002CB055 /* Products */ = {
			isa = PBXGroup;
			children = (
				287EA4DB2D036FF1002CB055 /* UnigameTest.app */,
				287EA4EB2D036FF4002CB055 /* UnigameTestTests.xctest */,
				287EA4F52D036FF4002CB055 /* UnigameTestUITests.xctest */,
			);
			name = Products;
			sourceTree = "<group>";
		};
/* End PBXGroup section */

/* Begin PBXNativeTarget section */
		287EA4DA2D036FF1002CB055 /* UnigameTest */ = {
			isa = PBXNativeTarget;
			buildConfigurationList = 287EA4FF2D036FF4002CB055 /* Build configuration list for PBXNativeTarget "UnigameTest" */;
			buildPhases = (
				287EA4D72D036FF1002CB055 /* Sources */,
				287EA4D82D036FF1002CB055 /* Frameworks */,
				287EA4D92D036FF1002CB055 /* Resources */,
			);
			buildRules = (
			);
			dependencies = (
			);
			fileSystemSynchronizedGroups = (
				287EA4DD2D036FF1002CB055 /* UnigameTest */,
			);
			name = UnigameTest;
			packageProductDependencies = (
				28310BB72D04DD21000883A4 /* unigame */,
			);
			productName = UnigameTest;
			productReference = 287EA4DB2D036FF1002CB055 /* UnigameTest.app */;
			productType = "com.apple.product-type.application";
		};
		287EA4EA2D036FF4002CB055 /* UnigameTestTests */ = {
			isa = PBXNativeTarget;
			buildConfigurationList = 287EA5022D036FF4002CB055 /* Build configuration list for PBXNativeTarget "UnigameTestTests" */;
			buildPhases = (
				287EA4E72D036FF4002CB055 /* Sources */,
				287EA4E82D036FF4002CB055 /* Frameworks */,
				287EA4E92D036FF4002CB055 /* Resources */,
			);
			buildRules = (
			);
			dependencies = (
				287EA4ED2D036FF4002CB055 /* PBXTargetDependency */,
			);
			fileSystemSynchronizedGroups = (
				287EA4EE2D036FF4002CB055 /* UnigameTestTests */,
			);
			name = UnigameTestTests;
			packageProductDependencies = (
			);
			productName = UnigameTestTests;
			productReference = 287EA4EB2D036FF4002CB055 /* UnigameTestTests.xctest */;
			productType = "com.apple.product-type.bundle.unit-test";
		};
		287EA4F42D036FF4002CB055 /* UnigameTestUITests */ = {
			isa = PBXNativeTarget;
			buildConfigurationList = 287EA5052D036FF4002CB055 /* Build configuration list for PBXNativeTarget "UnigameTestUITests" */;
			buildPhases = (
				287EA4F12D036FF4002CB055 /* Sources */,
				287EA4F22D036FF4002CB055 /* Frameworks */,
				287EA4F32D036FF4002CB055 /* Resources */,
			);
			buildRules = (
			);
			dependencies = (
				287EA4F72D036FF4002CB055 /* PBXTargetDependency */,
			);
			fileSystemSynchronizedGroups = (
				287EA4F82D036FF4002CB055 /* UnigameTestUITests */,
			);
			name = UnigameTestUITests;
			packageProductDependencies = (
			);
			productName = UnigameTestUITests;
			productReference = 287EA4F52D036FF4002CB055 /* UnigameTestUITests.xctest */;
			productType = "com.apple.product-type.bundle.ui-testing";
		};
/* End PBXNativeTarget section */

/* Begin PBXProject section */
		287EA4D32D036FF1002CB055 /* Project object */ = {
			isa = PBXProject;
			attributes = {
				BuildIndependentTargetsInParallel = 1;
				LastSwiftUpdateCheck = 1610;
				LastUpgradeCheck = 1610;
				TargetAttributes = {
					287EA4DA2D036FF1002CB055 = {
						CreatedOnToolsVersion = 16.1;
					};
					287EA4EA2D036FF4002CB055 = {
						CreatedOnToolsVersion = 16.1;
						TestTargetID = 287EA4DA2D036FF1002CB055;
					};
					287EA4F42D036FF4002CB055 = {
						CreatedOnToolsVersion = 16.1;
						TestTargetID = 287EA4DA2D036FF1002CB055;
					};
				};
			};
			buildConfigurationList = 287EA4D62D036FF1002CB055 /* Build configuration list for PBXProject "UnigameTest" */;
			developmentRegion = en;
			hasScannedForEncodings = 0;
			knownRegions = (
				en,
				Base,
			);
			mainGroup = 287EA4D22D036FF1002CB055;
			minimizedProjectReferenceProxies = 1;
			packageReferences = (
				28310BB62D04DD21000883A4 /* XCLocalSwiftPackageReference "../../../unigame" */,
			);
			preferredProjectObjectVersion = 77;
			productRefGroup = 287EA4DC2D036FF1002CB055 /* Products */;
			projectDirPath = "";
			projectRoot = "";
			targets = (
				287EA4DA2D036FF1002CB055 /* UnigameTest */,
				287EA4EA2D036FF4002CB055 /* UnigameTestTests */,
				287EA4F42D036FF4002CB055 /* UnigameTestUITests */,
			);
		};
/* End PBXProject section */

/* Begin PBXResourcesBuildPhase section */
		287EA4D92D036FF1002CB055 /* Resources */ = {
			isa = PBXResourcesBuildPhase;
			buildActionMask = 2147483647;
			files = (
			);
			runOnlyForDeploymentPostprocessing = 0;
		};
		287EA4E92D036FF4002CB055 /* Resources */ = {
			isa = PBXResourcesBuildPhase;
			buildActionMask = 2147483647;
			files = (
			);
			runOnlyForDeploymentPostprocessing = 0;
		};
		287EA4F32D036FF4002CB055 /* Resources */ = {
			isa = PBXResourcesBuildPhase;
			buildActionMask = 2147483647;
			files = (
			);
			runOnlyForDeploymentPostprocessing = 0;
		};
/* End PBXResourcesBuildPhase section */

/* Begin PBXSourcesBuildPhase section */
		287EA4D72D036FF1002CB055 /* Sources */ = {
			isa = PBXSourcesBuildPhase;
			buildActionMask = 2147483647;
			files = (
			);
			runOnlyForDeploymentPostprocessing = 0;
		};
		287EA4E72D036FF4002CB055 /* Sources */ = {
			isa = PBXSourcesBuildPhase;
			buildActionMask = 2147483647;
			files = (
			);
			runOnlyForDeploymentPostprocessing = 0;
		};
		287EA4F12D036FF4002CB055 /* Sources */ = {
			isa = PBXSourcesBuildPhase;
			buildActionMask = 2147483647;
			files = (
			);
			runOnlyForDeploymentPostprocessing = 0;
		};
/* End PBXSourcesBuildPhase section */

/* Begin PBXTargetDependency section */
		287EA4ED2D036FF4002CB055 /* PBXTargetDependency */ = {
			isa = PBXTargetDependency;
			target = 287EA4DA2D036FF1002CB055 /* UnigameTest */;
			targetProxy = 287EA4EC2D036FF4002CB055 /* PBXContainerItemProxy */;
		};
		287EA4F72D036FF4002CB055 /* PBXTargetDependency */ = {
			isa = PBXTargetDependency;
			target = 287EA4DA2D036FF1002CB055 /* UnigameTest */;
			targetProxy = 287EA4F62D036FF4002CB055 /* PBXContainerItemProxy */;
		};
/* End PBXTargetDependency section */

/* Begin XCBuildConfiguration section */
		287EA4FD2D036FF4002CB055 /* Debug */ = {
			isa = XCBuildConfiguration;
			buildSettings = {
				ALWAYS_SEARCH_USER_PATHS = NO;
				ASSETCATALOG_COMPILER_GENERATE_SWIFT_ASSET_SYMBOL_EXTENSIONS = YES;
				CLANG_ANALYZER_NONNULL = YES;
				CLANG_ANALYZER_NUMBER_OBJECT_CONVERSION = YES_AGGRESSIVE;
				CLANG_CXX_LANGUAGE_STANDARD = "gnu++20";
				CLANG_ENABLE_MODULES = YES;
				CLANG_ENABLE_OBJC_ARC = YES;
				CLANG_ENABLE_OBJC_WEAK = YES;
				CLANG_WARN_BLOCK_CAPTURE_AUTORELEASING = YES;
				CLANG_WARN_BOOL_CONVERSION = YES;
				CLANG_WARN_COMMA = YES;
				CLANG_WARN_CONSTANT_CONVERSION = YES;
				CLANG_WARN_DEPRECATED_OBJC_IMPLEMENTATIONS = YES;
				CLANG_WARN_DIRECT_OBJC_ISA_USAGE = YES_ERROR;
				CLANG_WARN_DOCUMENTATION_COMMENTS = YES;
				CLANG_WARN_EMPTY_BODY = YES;
				CLANG_WARN_ENUM_CONVERSION = YES;
				CLANG_WARN_INFINITE_RECURSION = YES;
				CLANG_WARN_INT_CONVERSION = YES;
				CLANG_WARN_NON_LITERAL_NULL_CONVERSION = YES;
				CLANG_WARN_OBJC_IMPLICIT_RETAIN_SELF = YES;
				CLANG_WARN_OBJC_LITERAL_CONVERSION = YES;
				CLANG_WARN_OBJC_ROOT_CLASS = YES_ERROR;
				CLANG_WARN_QUOTED_INCLUDE_IN_FRAMEWORK_HEADER = YES;
				CLANG_WARN_RANGE_LOOP_ANALYSIS = YES;
				CLANG_WARN_STRICT_PROTOTYPES = YES;
				CLANG_WARN_SUSPICIOUS_MOVE = YES;
				CLANG_WARN_UNGUARDED_AVAILABILITY = YES_AGGRESSIVE;
				CLANG_WARN_UNREACHABLE_CODE = YES;
				CLANG_WARN__DUPLICATE_METHOD_MATCH = YES;
				COPY_PHASE_STRIP = NO;
				DEBUG_INFORMATION_FORMAT = dwarf;
				ENABLE_STRICT_OBJC_MSGSEND = YES;
				ENABLE_TESTABILITY = YES;
				ENABLE_USER_SCRIPT_SANDBOXING = YES;
				GCC_C_LANGUAGE_STANDARD = gnu17;
				GCC_DYNAMIC_NO_PIC = NO;
				GCC_NO_COMMON_BLOCKS = YES;
				GCC_OPTIMIZATION_LEVEL = 0;
				GCC_PREPROCESSOR_DEFINITIONS = (
					"DEBUG=1",
					"$(inherited)",
				);
				GCC_WARN_64_TO_32_BIT_CONVERSION = YES;
				GCC_WARN_ABOUT_RETURN_TYPE = YES_ERROR;
				GCC_WARN_UNDECLARED_SELECTOR = YES;
				GCC_WARN_UNINITIALIZED_AUTOS = YES_AGGRESSIVE;
				GCC_WARN_UNUSED_FUNCTION = YES;
				GCC_WARN_UNUSED_VARIABLE = YES;
				IPHONEOS_DEPLOYMENT_TARGET = 18.1;
				LOCALIZATION_PREFERS_STRING_CATALOGS = YES;
				MTL_ENABLE_DEBUG_INFO = INCLUDE_SOURCE;
				MTL_FAST_MATH = YES;
				ONLY_ACTIVE_ARCH = YES;
				SDKROOT = iphoneos;
				SWIFT_ACTIVE_COMPILATION_CONDITIONS = "DEBUG $(inherited)";
				SWIFT_OPTIMIZATION_LEVEL = "-Onone";
			};
			name = Debug;
		};
		287EA4FE2D036FF4002CB055 /* Release */ = {
			isa = XCBuildConfiguration;
			buildSettings = {
				ALWAYS_SEARCH_USER_PATHS = NO;
				ASSETCATALOG_COMPILER_GENERATE_SWIFT_ASSET_SYMBOL_EXTENSIONS = YES;
				CLANG_ANALYZER_NONNULL = YES;
				CLANG_ANALYZER_NUMBER_OBJECT_CONVERSION = YES_AGGRESSIVE;
				CLANG_CXX_LANGUAGE_STANDARD = "gnu++20";
				CLANG_ENABLE_MODULES = YES;
				CLANG_ENABLE_OBJC_ARC = YES;
				CLANG_ENABLE_OBJC_WEAK = YES;
				CLANG_WARN_BLOCK_CAPTURE_AUTORELEASING = YES;
				CLANG_WARN_BOOL_CONVERSION = YES;
				CLANG_WARN_COMMA = YES;
				CLANG_WARN_CONSTANT_CONVERSION = YES;
				CLANG_WARN_DEPRECATED_OBJC_IMPLEMENTATIONS = YES;
				CLANG_WARN_DIRECT_OBJC_ISA_USAGE = YES_ERROR;
				CLANG_WARN_DOCUMENTATION_COMMENTS = YES;
				CLANG_WARN_EMPTY_BODY = YES;
				CLANG_WARN_ENUM_CONVERSION = YES;
				CLANG_WARN_INFINITE_RECURSION = YES;
				CLANG_WARN_INT_CONVERSION = YES;
				CLANG_WARN_NON_LITERAL_NULL_CONVERSION = YES;
				CLANG_WARN_OBJC_IMPLICIT_RETAIN_SELF = YES;
				CLANG_WARN_OBJC_LITERAL_CONVERSION = YES;
				CLANG_WARN_OBJC_ROOT_CLASS = YES_ERROR;
				CLANG_WARN_QUOTED_INCLUDE_IN_FRAMEWORK_HEADER = YES;
				CLANG_WARN_RANGE_LOOP_ANALYSIS = YES;
				CLANG_WARN_STRICT_PROTOTYPES = YES;
				CLANG_WARN_SUSPICIOUS_MOVE = YES;
				CLANG_WARN_UNGUARDED_AVAILABILITY = YES_AGGRESSIVE;
				CLANG_WARN_UNREACHABLE_CODE = YES;
				CLANG_WARN__DUPLICATE_METHOD_MATCH = YES;
				COPY_PHASE_STRIP = NO;
				DEBUG_INFORMATION_FORMAT = "dwarf-with-dsym";
				ENABLE_NS_ASSERTIONS = NO;
				ENABLE_STRICT_OBJC_MSGSEND = YES;
				ENABLE_USER_SCRIPT_SANDBOXING = YES;
				GCC_C_LANGUAGE_STANDARD = gnu17;
				GCC_NO_COMMON_BLOCKS = YES;
				GCC_WARN_64_TO_32_BIT_CONVERSION = YES;
				GCC_WARN_ABOUT_RETURN_TYPE = YES_ERROR;
				GCC_WARN_UNDECLARED_SELECTOR = YES;
				GCC_WARN_UNINITIALIZED_AUTOS = YES_AGGRESSIVE;
				GCC_WARN_UNUSED_FUNCTION = YES;
				GCC_WARN_UNUSED_VARIABLE = YES;
				IPHONEOS_DEPLOYMENT_TARGET = 18.1;
				LOCALIZATION_PREFERS_STRING_CATALOGS = YES;
				MTL_ENABLE_DEBUG_INFO = NO;
				MTL_FAST_MATH = YES;
				SDKROOT = iphoneos;
				SWIFT_COMPILATION_MODE = wholemodule;
				VALIDATE_PRODUCT = YES;
			};
			name = Release;
		};
		287EA5002D036FF4002CB055 /* Debug */ = {
			isa = XCBuildConfiguration;
			buildSettings = {
				ASSETCATALOG_COMPILER_APPICON_NAME = AppIcon;
				ASSETCATALOG_COMPILER_GLOBAL_ACCENT_COLOR_NAME = AccentColor;
				CODE_SIGN_STYLE = Automatic;
				CURRENT_PROJECT_VERSION = 1;
				DEVELOPMENT_ASSET_PATHS = "\"UnigameTest/Preview Content\"";
				DEVELOPMENT_TEAM = 5A8RHYSHFN;
				ENABLE_PREVIEWS = YES;
				GENERATE_INFOPLIST_FILE = YES;
				INFOPLIST_KEY_UIApplicationSceneManifest_Generation = YES;
				INFOPLIST_KEY_UIApplicationSupportsIndirectInputEvents = YES;
				INFOPLIST_KEY_UILaunchScreen_Generation = YES;
				INFOPLIST_KEY_UISupportedInterfaceOrientations_iPad = "UIInterfaceOrientationPortrait UIInterfaceOrientationPortraitUpsideDown UIInterfaceOrientationLandscapeLeft UIInterfaceOrientationLandscapeRight";
				INFOPLIST_KEY_UISupportedInterfaceOrientations_iPhone = "UIInterfaceOrientationPortrait UIInterfaceOrientationLandscapeLeft UIInterfaceOrientationLandscapeRight";
				IPHONEOS_DEPLOYMENT_TARGET = 17.6;
				LD_RUNPATH_SEARCH_PATHS = (
					"$(inherited)",
					"@executable_path/Frameworks",
				);
				MARKETING_VERSION = 1.0;
				PRODUCT_BUNDLE_IDENTIFIER = com.joshuaauerbach.UnigameTest;
				PRODUCT_NAME = "$(TARGET_NAME)";
				SWIFT_EMIT_LOC_STRINGS = YES;
				SWIFT_VERSION = 5.0;
				TARGETED_DEVICE_FAMILY = "1,2";
			};
			name = Debug;
		};
		287EA5012D036FF4002CB055 /* Release */ = {
			isa = XCBuildConfiguration;
			buildSettings = {
				ASSETCATALOG_COMPILER_APPICON_NAME = AppIcon;
				ASSETCATALOG_COMPILER_GLOBAL_ACCENT_COLOR_NAME = AccentColor;
				CODE_SIGN_STYLE = Automatic;
				CURRENT_PROJECT_VERSION = 1;
				DEVELOPMENT_ASSET_PATHS = "\"UnigameTest/Preview Content\"";
				DEVELOPMENT_TEAM = 5A8RHYSHFN;
				ENABLE_PREVIEWS = YES;
				GENERATE_INFOPLIST_FILE = YES;
				INFOPLIST_KEY_UIApplicationSceneManifest_Generation = YES;
				INFOPLIST_KEY_UIApplicationSupportsIndirectInputEvents = YES;
				INFOPLIST_KEY_UILaunchScreen_Generation = YES;
				INFOPLIST_KEY_UISupportedInterfaceOrientations_iPad = "UIInterfaceOrientationPortrait UIInterfaceOrientationPortraitUpsideDown UIInterfaceOrientationLandscapeLeft UIInterfaceOrientationLandscapeRight";
				INFOPLIST_KEY_UISupportedInterfaceOrientations_iPhone = "UIInterfaceOrientationPortrait UIInterfaceOrientationLandscapeLeft UIInterfaceOrientationLandscapeRight";
				IPHONEOS_DEPLOYMENT_TARGET = 17.6;
				LD_RUNPATH_SEARCH_PATHS = (
					"$(inherited)",
					"@executable_path/Frameworks",
				);
				MARKETING_VERSION = 1.0;
				PRODUCT_BUNDLE_IDENTIFIER = com.joshuaauerbach.UnigameTest;
				PRODUCT_NAME = "$(TARGET_NAME)";
				SWIFT_EMIT_LOC_STRINGS = YES;
				SWIFT_VERSION = 5.0;
				TARGETED_DEVICE_FAMILY = "1,2";
			};
			name = Release;
		};
		287EA5032D036FF4002CB055 /* Debug */ = {
			isa = XCBuildConfiguration;
			buildSettings = {
				BUNDLE_LOADER = "$(TEST_HOST)";
				CODE_SIGN_STYLE = Automatic;
				CURRENT_PROJECT_VERSION = 1;
				DEVELOPMENT_TEAM = 5A8RHYSHFN;
				GENERATE_INFOPLIST_FILE = YES;
				IPHONEOS_DEPLOYMENT_TARGET = 18.1;
				MARKETING_VERSION = 1.0;
				PRODUCT_BUNDLE_IDENTIFIER = com.joshuaauerbach.UnigameTestTests;
				PRODUCT_NAME = "$(TARGET_NAME)";
				SWIFT_EMIT_LOC_STRINGS = NO;
				SWIFT_VERSION = 5.0;
				TARGETED_DEVICE_FAMILY = "1,2";
				TEST_HOST = "$(BUILT_PRODUCTS_DIR)/UnigameTest.app/$(BUNDLE_EXECUTABLE_FOLDER_PATH)/UnigameTest";
			};
			name = Debug;
		};
		287EA5042D036FF4002CB055 /* Release */ = {
			isa = XCBuildConfiguration;
			buildSettings = {
				BUNDLE_LOADER = "$(TEST_HOST)";
				CODE_SIGN_STYLE = Automatic;
				CURRENT_PROJECT_VERSION = 1;
				DEVELOPMENT_TEAM = 5A8RHYSHFN;
				GENERATE_INFOPLIST_FILE = YES;
				IPHONEOS_DEPLOYMENT_TARGET = 18.1;
				MARKETING_VERSION = 1.0;
				PRODUCT_BUNDLE_IDENTIFIER = com.joshuaauerbach.UnigameTestTests;
				PRODUCT_NAME = "$(TARGET_NAME)";
				SWIFT_EMIT_LOC_STRINGS = NO;
				SWIFT_VERSION = 5.0;
				TARGETED_DEVICE_FAMILY = "1,2";
				TEST_HOST = "$(BUILT_PRODUCTS_DIR)/UnigameTest.app/$(BUNDLE_EXECUTABLE_FOLDER_PATH)/UnigameTest";
			};
			name = Release;
		};
		287EA5062D036FF4002CB055 /* Debug */ = {
			isa = XCBuildConfiguration;
			buildSettings = {
				CODE_SIGN_STYLE = Automatic;
				CURRENT_PROJECT_VERSION = 1;
				DEVELOPMENT_TEAM = 5A8RHYSHFN;
				GENERATE_INFOPLIST_FILE = YES;
				MARKETING_VERSION = 1.0;
				PRODUCT_BUNDLE_IDENTIFIER = com.joshuaauerbach.UnigameTestUITests;
				PRODUCT_NAME = "$(TARGET_NAME)";
				SWIFT_EMIT_LOC_STRINGS = NO;
				SWIFT_VERSION = 5.0;
				TARGETED_DEVICE_FAMILY = "1,2";
				TEST_TARGET_NAME = UnigameTest;
			};
			name = Debug;
		};
		287EA5072D036FF4002CB055 /* Release */ = {
			isa = XCBuildConfiguration;
			buildSettings = {
				CODE_SIGN_STYLE = Automatic;
				CURRENT_PROJECT_VERSION = 1;
				DEVELOPMENT_TEAM = 5A8RHYSHFN;
				GENERATE_INFOPLIST_FILE = YES;
				MARKETING_VERSION = 1.0;
				PRODUCT_BUNDLE_IDENTIFIER = com.joshuaauerbach.UnigameTestUITests;
				PRODUCT_NAME = "$(TARGET_NAME)";
				SWIFT_EMIT_LOC_STRINGS = NO;
				SWIFT_VERSION = 5.0;
				TARGETED_DEVICE_FAMILY = "1,2";
				TEST_TARGET_NAME = UnigameTest;
			};
			name = Release;
		};
/* End XCBuildConfiguration section */

/* Begin XCConfigurationList section */
		287EA4D62D036FF1002CB055 /* Build configuration list for PBXProject "UnigameTest" */ = {
			isa = XCConfigurationList;
			buildConfigurations = (
				287EA4FD2D036FF4002CB055 /* Debug */,
				287EA4FE2D036FF4002CB055 /* Release */,
			);
			defaultConfigurationIsVisible = 0;
			defaultConfigurationName = Release;
		};
		287EA4FF2D036FF4002CB055 /* Build configuration list for PBXNativeTarget "UnigameTest" */ = {
			isa = XCConfigurationList;
			buildConfigurations = (
				287EA5002D036FF4002CB055 /* Debug */,
				287EA5012D036FF4002CB055 /* Release */,
			);
			defaultConfigurationIsVisible = 0;
			defaultConfigurationName = Release;
		};
		287EA5022D036FF4002CB055 /* Build configuration list for PBXNativeTarget "UnigameTestTests" */ = {
			isa = XCConfigurationList;
			buildConfigurations = (
				287EA5032D036FF4002CB055 /* Debug */,
				287EA5042D036FF4002CB055 /* Release */,
			);
			defaultConfigurationIsVisible = 0;
			defaultConfigurationName = Release;
		};
		287EA5052D036FF4002CB055 /* Build configuration list for PBXNativeTarget "UnigameTestUITests" */ = {
			isa = XCConfigurationList;
			buildConfigurations = (
				287EA5062D036FF4002CB055 /* Debug */,
				287EA5072D036FF4002CB055 /* Release */,
			);
			defaultConfigurationIsVisible = 0;
			defaultConfigurationName = Release;
		};
/* End XCConfigurationList section */

/* Begin XCLocalSwiftPackageReference section */
		28310BB62D04DD21000883A4 /* XCLocalSwiftPackageReference "../../../unigame" */ = {
			isa = XCLocalSwiftPackageReference;
			relativePath = ../../../unigame;
		};
/* End XCLocalSwiftPackageReference section */

/* Begin XCSwiftPackageProductDependency section */
		28310BB72D04DD21000883A4 /* unigame */ = {
			isa = XCSwiftPackageProductDependency;
			productName = unigame;
		};
/* End XCSwiftPackageProductDependency section */
	};
	rootObject = 287EA4D32D036FF1002CB055 /* Project object */;
}
